
Microsoft Visual Studio Solution File, Format Version 12.00
# Visual Studio Version 16
VisualStudioVersion = 16.0.29001.49
MinimumVisualStudioVersion = 10.0.40219.1
Project("{FAE04EC0-301F-11D3-BF4B-00C04F79EFBC}") = "NanoSurveyAPI", "NanoSurveyAPI.csproj", "{C9BA9046-2A71-4666-A453-1982E37E63D2}"
EndProject
Global
	GlobalSection(SolutionConfigurationPlatforms) = preSolution
		Debug|Any CPU = Debug|Any CPU
		Release|Any CPU = Release|Any CPU
	EndGlobalSection
	GlobalSection(ProjectConfigurationPlatforms) = postSolution
		{C9BA9046-2A71-4666-A453-1982E37E63D2}.Debug|Any CPU.ActiveCfg = Debug|Any CPU
		{C9BA9046-2A71-4666-A453-1982E37E63D2}.Debug|Any CPU.Build.0 = Debug|Any CPU
		{C9BA9046-2A71-4666-A453-1982E37E63D2}.Release|Any CPU.ActiveCfg = Release|Any CPU
		{C9BA9046-2A71-4666-A453-1982E37E63D2}.Release|Any CPU.Build.0 = Release|Any CPU
	EndGlobalSection
	GlobalSection(SolutionProperties) = preSolution
		HideSolutionNode = FALSE
	EndGlobalSection
	GlobalSection(ExtensibilityGlobals) = postSolution
		SolutionGuid = {C3E240E7-7150-4695-8562-5A5180689319}
	EndGlobalSection
EndGlobal
